
Microsoft Visual Studio Solution File, Format Version 12.00
# Visual Studio Version 16
VisualStudioVersion = 16.0.31105.61
MinimumVisualStudioVersion = 10.0.40219.1
Project("{9A19103F-16F7-4668-BE54-9A1E7A4F7556}") = "Backend", "src\Backend\Backend.csproj", "{B431461D-6902-456C-9833-3997391187DE}"
EndProject
Global
	GlobalSection(SolutionConfigurationPlatforms) = preSolution
		Debug|Any CPU = Debug|Any CPU
		Release|Any CPU = Release|Any CPU
	EndGlobalSection
	GlobalSection(ProjectConfigurationPlatforms) = postSolution
		{B431461D-6902-456C-9833-3997391187DE}.Debug|Any CPU.ActiveCfg = Debug|Any CPU
		{B431461D-6902-456C-9833-3997391187DE}.Debug|Any CPU.Build.0 = Debug|Any CPU
		{B431461D-6902-456C-9833-3997391187DE}.Release|Any CPU.ActiveCfg = Release|Any CPU
		{B431461D-6902-456C-9833-3997391187DE}.Release|Any CPU.Build.0 = Release|Any CPU
	EndGlobalSection
	GlobalSection(SolutionProperties) = preSolution
		HideSolutionNode = FALSE
	EndGlobalSection
	GlobalSection(ExtensibilityGlobals) = postSolution
		SolutionGuid = {936B682B-9478-4821-918C-7765301D80FA}
	EndGlobalSection
EndGlobal
